// !$*UTF8*$!
{
	archiveVersion = 1;
	classes = {
	};
	objectVersion = 50;
	objects = {

/* Begin PBXBuildFile section */
		C0879F2A2788C0720039388E /* AppDelegate.swift in Sources */ = {isa = PBXBuildFile; fileRef = C0879F292788C0720039388E /* AppDelegate.swift */; };
		C0879F2C2788C0720039388E /* SceneDelegate.swift in Sources */ = {isa = PBXBuildFile; fileRef = C0879F2B2788C0720039388E /* SceneDelegate.swift */; };
		C0879F2E2788C0720039388E /* HomeViewController.swift in Sources */ = {isa = PBXBuildFile; fileRef = C0879F2D2788C0720039388E /* HomeViewController.swift */; };
		C0879F332788C0730039388E /* Assets.xcassets in Resources */ = {isa = PBXBuildFile; fileRef = C0879F322788C0730039388E /* Assets.xcassets */; };
		C0879F362788C0730039388E /* LaunchScreen.storyboard in Resources */ = {isa = PBXBuildFile; fileRef = C0879F342788C0730039388E /* LaunchScreen.storyboard */; };
		C0879F412788C5A60039388E /* ViewController.swift in Sources */ = {isa = PBXBuildFile; fileRef = C0879F402788C5A60039388E /* ViewController.swift */; };
		C0879F432788C6630039388E /* ViewControllerSubClassedCell.swift in Sources */ = {isa = PBXBuildFile; fileRef = C0879F422788C6630039388E /* ViewControllerSubClassedCell.swift */; };
		C0879F452788DF110039388E /* SubclassedCollectionViewCell.swift in Sources */ = {isa = PBXBuildFile; fileRef = C0879F442788DF110039388E /* SubclassedCollectionViewCell.swift */; };
/* End PBXBuildFile section */

/* Begin PBXFileReference section */
		C0879F262788C0720039388E /* UICollectionView-viewCode-1.app */ = {isa = PBXFileReference; explicitFileType = wrapper.application; includeInIndex = 0; path = "UICollectionView-viewCode-1.app"; sourceTree = BUILT_PRODUCTS_DIR; };
		C0879F292788C0720039388E /* AppDelegate.swift */ = {isa = PBXFileReference; lastKnownFileType = sourcecode.swift; path = AppDelegate.swift; sourceTree = "<group>"; };
		C0879F2B2788C0720039388E /* SceneDelegate.swift */ = {isa = PBXFileReference; lastKnownFileType = sourcecode.swift; path = SceneDelegate.swift; sourceTree = "<group>"; };
		C0879F2D2788C0720039388E /* HomeViewController.swift */ = {isa = PBXFileReference; lastKnownFileType = sourcecode.swift; path = HomeViewController.swift; sourceTree = "<group>"; };
		C0879F322788C0730039388E /* Assets.xcassets */ = {isa = PBXFileReference; lastKnownFileType = folder.assetcatalog; path = Assets.xcassets; sourceTree = "<group>"; };
		C0879F352788C0730039388E /* Base */ = {isa = PBXFileReference; lastKnownFileType = file.storyboard; name = Base; path = Base.lproj/LaunchScreen.storyboard; sourceTree = "<group>"; };
		C0879F372788C0730039388E /* Info.plist */ = {isa = PBXFileReference; lastKnownFileType = text.plist.xml; path = Info.plist; sourceTree = "<group>"; };
		C0879F402788C5A60039388E /* ViewController.swift */ = {isa = PBXFileReference; lastKnownFileType = sourcecode.swift; path = ViewController.swift; sourceTree = "<group>"; };
		C0879F422788C6630039388E /* ViewControllerSubClassedCell.swift */ = {isa = PBXFileReference; lastKnownFileType = sourcecode.swift; path = ViewControllerSubClassedCell.swift; sourceTree = "<group>"; };
		C0879F442788DF110039388E /* SubclassedCollectionViewCell.swift */ = {isa = PBXFileReference; lastKnownFileType = sourcecode.swift; path = SubclassedCollectionViewCell.swift; sourceTree = "<group>"; };
/* End PBXFileReference section */

/* Begin PBXFrameworksBuildPhase section */
		C0879F232788C0720039388E /* Frameworks */ = {
			isa = PBXFrameworksBuildPhase;
			buildActionMask = 2147483647;
			files = (
			);
			runOnlyForDeploymentPostprocessing = 0;
		};
/* End PBXFrameworksBuildPhase section */

/* Begin PBXGroup section */
		C0879F1D2788C0720039388E = {
			isa = PBXGroup;
			children = (
				C0879F282788C0720039388E /* UICollectionView-viewCode-1 */,
				C0879F272788C0720039388E /* Products */,
			);
			sourceTree = "<group>";
		};
		C0879F272788C0720039388E /* Products */ = {
			isa = PBXGroup;
			children = (
				C0879F262788C0720039388E /* UICollectionView-viewCode-1.app */,
			);
			name = Products;
			sourceTree = "<group>";
		};
		C0879F282788C0720039388E /* UICollectionView-viewCode-1 */ = {
			isa = PBXGroup;
			children = (
				C0879F3D2788C1DC0039388E /* Application */,
				C0879F3E2788C1E90039388E /* Resources */,
				C0879F3F2788C1F50039388E /* Features */,
				C0879F372788C0730039388E /* Info.plist */,
			);
			path = "UICollectionView-viewCode-1";
			sourceTree = "<group>";
		};
		C0879F3D2788C1DC0039388E /* Application */ = {
			isa = PBXGroup;
			children = (
				C0879F292788C0720039388E /* AppDelegate.swift */,
				C0879F2B2788C0720039388E /* SceneDelegate.swift */,
			);
			path = Application;
			sourceTree = "<group>";
		};
		C0879F3E2788C1E90039388E /* Resources */ = {
			isa = PBXGroup;
			children = (
				C0879F322788C0730039388E /* Assets.xcassets */,
				C0879F342788C0730039388E /* LaunchScreen.storyboard */,
			);
			path = Resources;
			sourceTree = "<group>";
		};
		C0879F3F2788C1F50039388E /* Features */ = {
			isa = PBXGroup;
			children = (
				C0879F2D2788C0720039388E /* HomeViewController.swift */,
				C0879F402788C5A60039388E /* ViewController.swift */,
				C0879F422788C6630039388E /* ViewControllerSubClassedCell.swift */,
				C0879F442788DF110039388E /* SubclassedCollectionViewCell.swift */,
			);
			path = Features;
			sourceTree = "<group>";
		};
/* End PBXGroup section */

/* Begin PBXNativeTarget section */
		C0879F252788C0720039388E /* UICollectionView-viewCode-1 */ = {
			isa = PBXNativeTarget;
			buildConfigurationList = C0879F3A2788C0730039388E /* Build configuration list for PBXNativeTarget "UICollectionView-viewCode-1" */;
			buildPhases = (
				C0879F222788C0720039388E /* Sources */,
				C0879F232788C0720039388E /* Frameworks */,
				C0879F242788C0720039388E /* Resources */,
			);
			buildRules = (
			);
			dependencies = (
			);
			name = "UICollectionView-viewCode-1";
			productName = "UICollectionView-viewCode-1";
			productReference = C0879F262788C0720039388E /* UICollectionView-viewCode-1.app */;
			productType = "com.apple.product-type.application";
		};
/* End PBXNativeTarget section */

/* Begin PBXProject section */
		C0879F1E2788C0720039388E /* Project object */ = {
			isa = PBXProject;
			attributes = {
				LastSwiftUpdateCheck = 1250;
				LastUpgradeCheck = 1250;
				TargetAttributes = {
					C0879F252788C0720039388E = {
						CreatedOnToolsVersion = 12.5.1;
					};
				};
			};
			buildConfigurationList = C0879F212788C0720039388E /* Build configuration list for PBXProject "UICollectionView-viewCode-1" */;
			compatibilityVersion = "Xcode 9.3";
			developmentRegion = en;
			hasScannedForEncodings = 0;
			knownRegions = (
				en,
				Base,
			);
			mainGroup = C0879F1D2788C0720039388E;
			productRefGroup = C0879F272788C0720039388E /* Products */;
			projectDirPath = "";
			projectRoot = "";
			targets = (
				C0879F252788C0720039388E /* UICollectionView-viewCode-1 */,
			);
		};
/* End PBXProject section */

/* Begin PBXResourcesBuildPhase section */
		C0879F242788C0720039388E /* Resources */ = {
			isa = PBXResourcesBuildPhase;
			buildActionMask = 2147483647;
			files = (
				C0879F362788C0730039388E /* LaunchScreen.storyboard in Resources */,
				C0879F332788C0730039388E /* Assets.xcassets in Resources */,
			);
			runOnlyForDeploymentPostprocessing = 0;
		};
/* End PBXResourcesBuildPhase section */

/* Begin PBXSourcesBuildPhase section */
		C0879F222788C0720039388E /* Sources */ = {
			isa = PBXSourcesBuildPhase;
			buildActionMask = 2147483647;
			files = (
				C0879F2E2788C0720039388E /* HomeViewController.swift in Sources */,
				C0879F432788C6630039388E /* ViewControllerSubClassedCell.swift in Sources */,
				C0879F2A2788C0720039388E /* AppDelegate.swift in Sources */,
				C0879F452788DF110039388E /* SubclassedCollectionViewCell.swift in Sources */,
				C0879F412788C5A60039388E /* ViewController.swift in Sources */,
				C0879F2C2788C0720039388E /* SceneDelegate.swift in Sources */,
			);
			runOnlyForDeploymentPostprocessing = 0;
		};
/* End PBXSourcesBuildPhase section */

/* Begin PBXVariantGroup section */
		C0879F342788C0730039388E /* LaunchScreen.storyboard */ = {
			isa = PBXVariantGroup;
			children = (
				C0879F352788C0730039388E /* Base */,
			);
			name = LaunchScreen.storyboard;
			sourceTree = "<group>";
		};
/* End PBXVariantGroup section */

/* Begin XCBuildConfiguration section */
		C0879F382788C0730039388E /* Debug */ = {
			isa = XCBuildConfiguration;
			buildSettings = {
				ALWAYS_SEARCH_USER_PATHS = NO;
				CLANG_ANALYZER_NONNULL = YES;
				CLANG_ANALYZER_NUMBER_OBJECT_CONVERSION = YES_AGGRESSIVE;
				CLANG_CXX_LANGUAGE_STANDARD = "gnu++14";
				CLANG_CXX_LIBRARY = "libc++";
				CLANG_ENABLE_MODULES = YES;
				CLANG_ENABLE_OBJC_ARC = YES;
				CLANG_ENABLE_OBJC_WEAK = YES;
				CLANG_WARN_BLOCK_CAPTURE_AUTORELEASING = YES;
				CLANG_WARN_BOOL_CONVERSION = YES;
				CLANG_WARN_COMMA = YES;
				CLANG_WARN_CONSTANT_CONVERSION = YES;
				CLANG_WARN_DEPRECATED_OBJC_IMPLEMENTATIONS = YES;
				CLANG_WARN_DIRECT_OBJC_ISA_USAGE = YES_ERROR;
				CLANG_WARN_DOCUMENTATION_COMMENTS = YES;
				CLANG_WARN_EMPTY_BODY = YES;
				CLANG_WARN_ENUM_CONVERSION = YES;
				CLANG_WARN_INFINITE_RECURSION = YES;
				CLANG_WARN_INT_CONVERSION = YES;
				CLANG_WARN_NON_LITERAL_NULL_CONVERSION = YES;
				CLANG_WARN_OBJC_IMPLICIT_RETAIN_SELF = YES;
				CLANG_WARN_OBJC_LITERAL_CONVERSION = YES;
				CLANG_WARN_OBJC_ROOT_CLASS = YES_ERROR;
				CLANG_WARN_QUOTED_INCLUDE_IN_FRAMEWORK_HEADER = YES;
				CLANG_WARN_RANGE_LOOP_ANALYSIS = YES;
				CLANG_WARN_STRICT_PROTOTYPES = YES;
				CLANG_WARN_SUSPICIOUS_MOVE = YES;
				CLANG_WARN_UNGUARDED_AVAILABILITY = YES_AGGRESSIVE;
				CLANG_WARN_UNREACHABLE_CODE = YES;
				CLANG_WARN__DUPLICATE_METHOD_MATCH = YES;
				COPY_PHASE_STRIP = NO;
				DEBUG_INFORMATION_FORMAT = dwarf;
				ENABLE_STRICT_OBJC_MSGSEND = YES;
				ENABLE_TESTABILITY = YES;
				GCC_C_LANGUAGE_STANDARD = gnu11;
				GCC_DYNAMIC_NO_PIC = NO;
				GCC_NO_COMMON_BLOCKS = YES;
				GCC_OPTIMIZATION_LEVEL = 0;
				GCC_PREPROCESSOR_DEFINITIONS = (
					"DEBUG=1",
					"$(inherited)",
				);
				GCC_WARN_64_TO_32_BIT_CONVERSION = YES;
				GCC_WARN_ABOUT_RETURN_TYPE = YES_ERROR;
				GCC_WARN_UNDECLARED_SELECTOR = YES;
				GCC_WARN_UNINITIALIZED_AUTOS = YES_AGGRESSIVE;
				GCC_WARN_UNUSED_FUNCTION = YES;
				GCC_WARN_UNUSED_VARIABLE = YES;
				IPHONEOS_DEPLOYMENT_TARGET = 14.5;
				MTL_ENABLE_DEBUG_INFO = INCLUDE_SOURCE;
				MTL_FAST_MATH = YES;
				ONLY_ACTIVE_ARCH = YES;
				SDKROOT = iphoneos;
				SWIFT_ACTIVE_COMPILATION_CONDITIONS = DEBUG;
				SWIFT_OPTIMIZATION_LEVEL = "-Onone";
			};
			name = Debug;
		};
		C0879F392788C0730039388E /* Release */ = {
			isa = XCBuildConfiguration;
			buildSettings = {
				ALWAYS_SEARCH_USER_PATHS = NO;
				CLANG_ANALYZER_NONNULL = YES;
				CLANG_ANALYZER_NUMBER_OBJECT_CONVERSION = YES_AGGRESSIVE;
				CLANG_CXX_LANGUAGE_STANDARD = "gnu++14";
				CLANG_CXX_LIBRARY = "libc++";
				CLANG_ENABLE_MODULES = YES;
				CLANG_ENABLE_OBJC_ARC = YES;
				CLANG_ENABLE_OBJC_WEAK = YES;
				CLANG_WARN_BLOCK_CAPTURE_AUTORELEASING = YES;
				CLANG_WARN_BOOL_CONVERSION = YES;
				CLANG_WARN_COMMA = YES;
				CLANG_WARN_CONSTANT_CONVERSION = YES;
				CLANG_WARN_DEPRECATED_OBJC_IMPLEMENTATIONS = YES;
				CLANG_WARN_DIRECT_OBJC_ISA_USAGE = YES_ERROR;
				CLANG_WARN_DOCUMENTATION_COMMENTS = YES;
				CLANG_WARN_EMPTY_BODY = YES;
				CLANG_WARN_ENUM_CONVERSION = YES;
				CLANG_WARN_INFINITE_RECURSION = YES;
				CLANG_WARN_INT_CONVERSION = YES;
				CLANG_WARN_NON_LITERAL_NULL_CONVERSION = YES;
				CLANG_WARN_OBJC_IMPLICIT_RETAIN_SELF = YES;
				CLANG_WARN_OBJC_LITERAL_CONVERSION = YES;
				CLANG_WARN_OBJC_ROOT_CLASS = YES_ERROR;
				CLANG_WARN_QUOTED_INCLUDE_IN_FRAMEWORK_HEADER = YES;
				CLANG_WARN_RANGE_LOOP_ANALYSIS = YES;
				CLANG_WARN_STRICT_PROTOTYPES = YES;
				CLANG_WARN_SUSPICIOUS_MOVE = YES;
				CLANG_WARN_UNGUARDED_AVAILABILITY = YES_AGGRESSIVE;
				CLANG_WARN_UNREACHABLE_CODE = YES;
				CLANG_WARN__DUPLICATE_METHOD_MATCH = YES;
				COPY_PHASE_STRIP = NO;
				DEBUG_INFORMATION_FORMAT = "dwarf-with-dsym";
				ENABLE_NS_ASSERTIONS = NO;
				ENABLE_STRICT_OBJC_MSGSEND = YES;
				GCC_C_LANGUAGE_STANDARD = gnu11;
				GCC_NO_COMMON_BLOCKS = YES;
				GCC_WARN_64_TO_32_BIT_CONVERSION = YES;
				GCC_WARN_ABOUT_RETURN_TYPE = YES_ERROR;
				GCC_WARN_UNDECLARED_SELECTOR = YES;
				GCC_WARN_UNINITIALIZED_AUTOS = YES_AGGRESSIVE;
				GCC_WARN_UNUSED_FUNCTION = YES;
				GCC_WARN_UNUSED_VARIABLE = YES;
				IPHONEOS_DEPLOYMENT_TARGET = 14.5;
				MTL_ENABLE_DEBUG_INFO = NO;
				MTL_FAST_MATH = YES;
				SDKROOT = iphoneos;
				SWIFT_COMPILATION_MODE = wholemodule;
				SWIFT_OPTIMIZATION_LEVEL = "-O";
				VALIDATE_PRODUCT = YES;
			};
			name = Release;
		};
		C0879F3B2788C0730039388E /* Debug */ = {
			isa = XCBuildConfiguration;
			buildSettings = {
				ASSETCATALOG_COMPILER_APPICON_NAME = AppIcon;
				ASSETCATALOG_COMPILER_GLOBAL_ACCENT_COLOR_NAME = AccentColor;
				CODE_SIGN_STYLE = Automatic;
				DEVELOPMENT_TEAM = BM4YFXN4AH;
				INFOPLIST_FILE = "UICollectionView-viewCode-1/Info.plist";
				LD_RUNPATH_SEARCH_PATHS = (
					"$(inherited)",
					"@executable_path/Frameworks",
				);
				PRODUCT_BUNDLE_IDENTIFIER = "gabriel-nicol.UICollectionView-viewCode-1";
				PRODUCT_NAME = "$(TARGET_NAME)";
				SWIFT_VERSION = 5.0;
				TARGETED_DEVICE_FAMILY = "1,2";
			};
			name = Debug;
		};
		C0879F3C2788C0730039388E /* Release */ = {
			isa = XCBuildConfiguration;
			buildSettings = {
				ASSETCATALOG_COMPILER_APPICON_NAME = AppIcon;
				ASSETCATALOG_COMPILER_GLOBAL_ACCENT_COLOR_NAME = AccentColor;
				CODE_SIGN_STYLE = Automatic;
				DEVELOPMENT_TEAM = BM4YFXN4AH;
				INFOPLIST_FILE = "UICollectionView-viewCode-1/Info.plist";
				LD_RUNPATH_SEARCH_PATHS = (
					"$(inherited)",
					"@executable_path/Frameworks",
				);
				PRODUCT_BUNDLE_IDENTIFIER = "gabriel-nicol.UICollectionView-viewCode-1";
				PRODUCT_NAME = "$(TARGET_NAME)";
				SWIFT_VERSION = 5.0;
				TARGETED_DEVICE_FAMILY = "1,2";
			};
			name = Release;
		};
/* End XCBuildConfiguration section */

/* Begin XCConfigurationList section */
		C0879F212788C0720039388E /* Build configuration list for PBXProject "UICollectionView-viewCode-1" */ = {
			isa = XCConfigurationList;
			buildConfigurations = (
				C0879F382788C0730039388E /* Debug */,
				C0879F392788C0730039388E /* Release */,
			);
			defaultConfigurationIsVisible = 0;
			defaultConfigurationName = Release;
		};
		C0879F3A2788C0730039388E /* Build configuration list for PBXNativeTarget "UICollectionView-viewCode-1" */ = {
			isa = XCConfigurationList;
			buildConfigurations = (
				C0879F3B2788C0730039388E /* Debug */,
				C0879F3C2788C0730039388E /* Release */,
			);
			defaultConfigurationIsVisible = 0;
			defaultConfigurationName = Release;
		};
/* End XCConfigurationList section */
	};
	rootObject = C0879F1E2788C0720039388E /* Project object */;
}
